
Microsoft Visual Studio Solution File, Format Version 12.00
# Visual Studio Version 16
VisualStudioVersion = 16.0.31005.135
MinimumVisualStudioVersion = 10.0.40219.1
Project("{FAE04EC0-301F-11D3-BF4B-00C04F79EFBC}") = "MyfirstWebApplication", "MyfirstWebApplication\MyfirstWebApplication.csproj", "{5CF0228E-3A04-4054-89A5-7C94358BB7C3}"
EndProject
Global
	GlobalSection(SolutionConfigurationPlatforms) = preSolution
		Debug|Any CPU = Debug|Any CPU
		Release|Any CPU = Release|Any CPU
	EndGlobalSection
	GlobalSection(ProjectConfigurationPlatforms) = postSolution
		{5CF0228E-3A04-4054-89A5-7C94358BB7C3}.Debug|Any CPU.ActiveCfg = Debug|Any CPU
		{5CF0228E-3A04-4054-89A5-7C94358BB7C3}.Debug|Any CPU.Build.0 = Debug|Any CPU
		{5CF0228E-3A04-4054-89A5-7C94358BB7C3}.Release|Any CPU.ActiveCfg = Release|Any CPU
		{5CF0228E-3A04-4054-89A5-7C94358BB7C3}.Release|Any CPU.Build.0 = Release|Any CPU
	EndGlobalSection
	GlobalSection(SolutionProperties) = preSolution
		HideSolutionNode = FALSE
	EndGlobalSection
	GlobalSection(ExtensibilityGlobals) = postSolution
		SolutionGuid = {AA4DBA18-8A75-4F37-A5C0-E40A9FBD7A2D}
	EndGlobalSection
EndGlobal
